
Microsoft Visual Studio Solution File, Format Version 12.00
# Visual Studio Version 16
VisualStudioVersion = 16.0.36602.28
MinimumVisualStudioVersion = 10.0.40219.1
Project("{FAE04EC0-301F-11D3-BF4B-00C04F79EFBC}") = "missing_data", "missing_data.csproj", "{3B3611BD-38D4-4F96-9997-2D795826DB96}"
EndProject
Global
	GlobalSection(SolutionConfigurationPlatforms) = preSolution
		Debug|Any CPU = Debug|Any CPU
		Release|Any CPU = Release|Any CPU
	EndGlobalSection
	GlobalSection(ProjectConfigurationPlatforms) = postSolution
		{3B3611BD-38D4-4F96-9997-2D795826DB96}.Debug|Any CPU.ActiveCfg = Debug|Any CPU
		{3B3611BD-38D4-4F96-9997-2D795826DB96}.Debug|Any CPU.Build.0 = Debug|Any CPU
		{3B3611BD-38D4-4F96-9997-2D795826DB96}.Release|Any CPU.ActiveCfg = Release|Any CPU
		{3B3611BD-38D4-4F96-9997-2D795826DB96}.Release|Any CPU.Build.0 = Release|Any CPU
	EndGlobalSection
	GlobalSection(SolutionProperties) = preSolution
		HideSolutionNode = FALSE
	EndGlobalSection
	GlobalSection(ExtensibilityGlobals) = postSolution
		SolutionGuid = {75656E30-03B6-4A52-9373-75CD25693276}
	EndGlobalSection
EndGlobal
